
Microsoft Visual Studio Solution File, Format Version 12.00
# Visual Studio Version 17
VisualStudioVersion = 17.10.35004.147
MinimumVisualStudioVersion = 10.0.40219.1
Project("{FAE04EC0-301F-11D3-BF4B-00C04F79EFBC}") = "RecipeService", "RecipeService\RecipeService.csproj", "{D5A3F77E-7D56-424D-8CA1-DAD358163D76}"
EndProject
Global
	GlobalSection(SolutionConfigurationPlatforms) = preSolution
		Debug|Any CPU = Debug|Any CPU
		Release|Any CPU = Release|Any CPU
	EndGlobalSection
	GlobalSection(ProjectConfigurationPlatforms) = postSolution
		{D5A3F77E-7D56-424D-8CA1-DAD358163D76}.Debug|Any CPU.ActiveCfg = Debug|Any CPU
		{D5A3F77E-7D56-424D-8CA1-DAD358163D76}.Debug|Any CPU.Build.0 = Debug|Any CPU
		{D5A3F77E-7D56-424D-8CA1-DAD358163D76}.Release|Any CPU.ActiveCfg = Release|Any CPU
		{D5A3F77E-7D56-424D-8CA1-DAD358163D76}.Release|Any CPU.Build.0 = Release|Any CPU
	EndGlobalSection
	GlobalSection(SolutionProperties) = preSolution
		HideSolutionNode = FALSE
	EndGlobalSection
	GlobalSection(ExtensibilityGlobals) = postSolution
		SolutionGuid = {642A372A-0221-47C3-835A-0F457060DFFB}
	EndGlobalSection
EndGlobal
